// !$*UTF8*$!
{
	archiveVersion = 1;
	classes = {
	};
	objectVersion = 46;
	objects = {

/* Begin PBXBuildFile section */
		90DD3A051CF848430032935A /* main.m in Sources */ = {isa = PBXBuildFile; fileRef = 90DD3A041CF848430032935A /* main.m */; };
		90DD3A081CF848430032935A /* AppDelegate.m in Sources */ = {isa = PBXBuildFile; fileRef = 90DD3A071CF848430032935A /* AppDelegate.m */; };
		90DD3A0B1CF848430032935A /* ViewController.m in Sources */ = {isa = PBXBuildFile; fileRef = 90DD3A0A1CF848430032935A /* ViewController.m */; };
		90DD3A0E1CF848430032935A /* Main.storyboard in Resources */ = {isa = PBXBuildFile; fileRef = 90DD3A0C1CF848430032935A /* Main.storyboard */; };
		90DD3A101CF848430032935A /* Assets.xcassets in Resources */ = {isa = PBXBuildFile; fileRef = 90DD3A0F1CF848430032935A /* Assets.xcassets */; };
		90DD3A131CF848430032935A /* LaunchScreen.storyboard in Resources */ = {isa = PBXBuildFile; fileRef = 90DD3A111CF848430032935A /* LaunchScreen.storyboard */; };
		90DD3A1E1CF848430032935A /* DemoUITests.m in Sources */ = {isa = PBXBuildFile; fileRef = 90DD3A1D1CF848430032935A /* DemoUITests.m */; };
/* End PBXBuildFile section */

/* Begin PBXContainerItemProxy section */
		90DD3A1A1CF848430032935A /* PBXContainerItemProxy */ = {
			isa = PBXContainerItemProxy;
			containerPortal = 90DD39F81CF848430032935A /* Project object */;
			proxyType = 1;
			remoteGlobalIDString = 90DD39FF1CF848430032935A;
			remoteInfo = Demo;
		};
/* End PBXContainerItemProxy section */

/* Begin PBXFileReference section */
		90DD3A001CF848430032935A /* Demo.app */ = {isa = PBXFileReference; explicitFileType = wrapper.application; includeInIndex = 0; path = Demo.app; sourceTree = BUILT_PRODUCTS_DIR; };
		90DD3A041CF848430032935A /* main.m */ = {isa = PBXFileReference; lastKnownFileType = sourcecode.c.objc; path = main.m; sourceTree = "<group>"; };
		90DD3A061CF848430032935A /* AppDelegate.h */ = {isa = PBXFileReference; lastKnownFileType = sourcecode.c.h; path = AppDelegate.h; sourceTree = "<group>"; };
		90DD3A071CF848430032935A /* AppDelegate.m */ = {isa = PBXFileReference; lastKnownFileType = sourcecode.c.objc; path = AppDelegate.m; sourceTree = "<group>"; };
		90DD3A091CF848430032935A /* ViewController.h */ = {isa = PBXFileReference; lastKnownFileType = sourcecode.c.h; path = ViewController.h; sourceTree = "<group>"; };
		90DD3A0A1CF848430032935A /* ViewController.m */ = {isa = PBXFileReference; lastKnownFileType = sourcecode.c.objc; path = ViewController.m; sourceTree = "<group>"; };
		90DD3A0D1CF848430032935A /* Base */ = {isa = PBXFileReference; lastKnownFileType = file.storyboard; name = Base; path = Base.lproj/Main.storyboard; sourceTree = "<group>"; };
		90DD3A0F1CF848430032935A /* Assets.xcassets */ = {isa = PBXFileReference; lastKnownFileType = folder.assetcatalog; path = Assets.xcassets; sourceTree = "<group>"; };
		90DD3A121CF848430032935A /* Base */ = {isa = PBXFileReference; lastKnownFileType = file.storyboard; name = Base; path = Base.lproj/LaunchScreen.storyboard; sourceTree = "<group>"; };
		90DD3A141CF848430032935A /* Info.plist */ = {isa = PBXFileReference; lastKnownFileType = text.plist.xml; path = Info.plist; sourceTree = "<group>"; };
		90DD3A191CF848430032935A /* DemoUITests.xctest */ = {isa = PBXFileReference; explicitFileType = wrapper.cfbundle; includeInIndex = 0; path = DemoUITests.xctest; sourceTree = BUILT_PRODUCTS_DIR; };
		90DD3A1D1CF848430032935A /* DemoUITests.m */ = {isa = PBXFileReference; lastKnownFileType = sourcecode.c.objc; path = DemoUITests.m; sourceTree = "<group>"; };
		90DD3A1F1CF848430032935A /* Info.plist */ = {isa = PBXFileReference; lastKnownFileType = text.plist.xml; path = Info.plist; sourceTree = "<group>"; };
/* End PBXFileReference section */

/* Begin PBXFrameworksBuildPhase section */
		90DD39FD1CF848430032935A /* Frameworks */ = {
			isa = PBXFrameworksBuildPhase;
			buildActionMask = 2147483647;
			files = (
			);
			runOnlyForDeploymentPostprocessing = 0;
		};
		90DD3A161CF848430032935A /* Frameworks */ = {
			isa = PBXFrameworksBuildPhase;
			buildActionMask = 2147483647;
			files = (
			);
			runOnlyForDeploymentPostprocessing = 0;
		};
/* End PBXFrameworksBuildPhase section */

/* Begin PBXGroup section */
		90DD39F71CF848430032935A = {
			isa = PBXGroup;
			children = (
				90DD3A021CF848430032935A /* Demo */,
				90DD3A1C1CF848430032935A /* DemoUITests */,
				90DD3A011CF848430032935A /* Products */,
			);
			sourceTree = "<group>";
		};
		90DD3A011CF848430032935A /* Products */ = {
			isa = PBXGroup;
			children = (
				90DD3A001CF848430032935A /* Demo.app */,
				90DD3A191CF848430032935A /* DemoUITests.xctest */,
			);
			name = Products;
			sourceTree = "<group>";
		};
		90DD3A021CF848430032935A /* Demo */ = {
			isa = PBXGroup;
			children = (
				90DD3A281CF848690032935A /* WHYAlertController */,
				90DD3A061CF848430032935A /* AppDelegate.h */,
				90DD3A071CF848430032935A /* AppDelegate.m */,
				90DD3A091CF848430032935A /* ViewController.h */,
				90DD3A0A1CF848430032935A /* ViewController.m */,
				90DD3A0C1CF848430032935A /* Main.storyboard */,
				90DD3A0F1CF848430032935A /* Assets.xcassets */,
				90DD3A111CF848430032935A /* LaunchScreen.storyboard */,
				90DD3A141CF848430032935A /* Info.plist */,
				90DD3A031CF848430032935A /* Supporting Files */,
			);
			path = Demo;
			sourceTree = "<group>";
		};
		90DD3A031CF848430032935A /* Supporting Files */ = {
			isa = PBXGroup;
			children = (
				90DD3A041CF848430032935A /* main.m */,
			);
			name = "Supporting Files";
			sourceTree = "<group>";
		};
		90DD3A1C1CF848430032935A /* DemoUITests */ = {
			isa = PBXGroup;
			children = (
				90DD3A1D1CF848430032935A /* DemoUITests.m */,
				90DD3A1F1CF848430032935A /* Info.plist */,
			);
			path = DemoUITests;
			sourceTree = "<group>";
		};
		90DD3A281CF848690032935A /* WHYAlertController */ = {
			isa = PBXGroup;
			children = (
			);
			name = WHYAlertController;
			path = ../../WHYAlertController;
			sourceTree = "<group>";
		};
/* End PBXGroup section */

/* Begin PBXNativeTarget section */
		90DD39FF1CF848430032935A /* Demo */ = {
			isa = PBXNativeTarget;
			buildConfigurationList = 90DD3A221CF848430032935A /* Build configuration list for PBXNativeTarget "Demo" */;
			buildPhases = (
				90DD39FC1CF848430032935A /* Sources */,
				90DD39FD1CF848430032935A /* Frameworks */,
				90DD39FE1CF848430032935A /* Resources */,
			);
			buildRules = (
			);
			dependencies = (
			);
			name = Demo;
			productName = Demo;
			productReference = 90DD3A001CF848430032935A /* Demo.app */;
			productType = "com.apple.product-type.application";
		};
		90DD3A181CF848430032935A /* DemoUITests */ = {
			isa = PBXNativeTarget;
			buildConfigurationList = 90DD3A251CF848430032935A /* Build configuration list for PBXNativeTarget "DemoUITests" */;
			buildPhases = (
				90DD3A151CF848430032935A /* Sources */,
				90DD3A161CF848430032935A /* Frameworks */,
				90DD3A171CF848430032935A /* Resources */,
			);
			buildRules = (
			);
			dependencies = (
				90DD3A1B1CF848430032935A /* PBXTargetDependency */,
			);
			name = DemoUITests;
			productName = DemoUITests;
			productReference = 90DD3A191CF848430032935A /* DemoUITests.xctest */;
			productType = "com.apple.product-type.bundle.ui-testing";
		};
/* End PBXNativeTarget section */

/* Begin PBXProject section */
		90DD39F81CF848430032935A /* Project object */ = {
			isa = PBXProject;
			attributes = {
				LastUpgradeCheck = 0730;
				ORGANIZATIONNAME = "王洪运";
				TargetAttributes = {
					90DD39FF1CF848430032935A = {
						CreatedOnToolsVersion = 7.3.1;
					};
					90DD3A181CF848430032935A = {
						CreatedOnToolsVersion = 7.3.1;
						TestTargetID = 90DD39FF1CF848430032935A;
					};
				};
			};
			buildConfigurationList = 90DD39FB1CF848430032935A /* Build configuration list for PBXProject "Demo" */;
			compatibilityVersion = "Xcode 3.2";
			developmentRegion = English;
			hasScannedForEncodings = 0;
			knownRegions = (
				en,
				Base,
			);
			mainGroup = 90DD39F71CF848430032935A;
			productRefGroup = 90DD3A011CF848430032935A /* Products */;
			projectDirPath = "";
			projectRoot = "";
			targets = (
				90DD39FF1CF848430032935A /* Demo */,
				90DD3A181CF848430032935A /* DemoUITests */,
			);
		};
/* End PBXProject section */

/* Begin PBXResourcesBuildPhase section */
		90DD39FE1CF848430032935A /* Resources */ = {
			isa = PBXResourcesBuildPhase;
			buildActionMask = 2147483647;
			files = (
				90DD3A131CF848430032935A /* LaunchScreen.storyboard in Resources */,
				90DD3A101CF848430032935A /* Assets.xcassets in Resources */,
				90DD3A0E1CF848430032935A /* Main.storyboard in Resources */,
			);
			runOnlyForDeploymentPostprocessing = 0;
		};
		90DD3A171CF848430032935A /* Resources */ = {
			isa = PBXResourcesBuildPhase;
			buildActionMask = 2147483647;
			files = (
			);
			runOnlyForDeploymentPostprocessing = 0;
		};
/* End PBXResourcesBuildPhase section */

/* Begin PBXSourcesBuildPhase section */
		90DD39FC1CF848430032935A /* Sources */ = {
			isa = PBXSourcesBuildPhase;
			buildActionMask = 2147483647;
			files = (
				90DD3A0B1CF848430032935A /* ViewController.m in Sources */,
				90DD3A081CF848430032935A /* AppDelegate.m in Sources */,
				90DD3A051CF848430032935A /* main.m in Sources */,
			);
			runOnlyForDeploymentPostprocessing = 0;
		};
		90DD3A151CF848430032935A /* Sources */ = {
			isa = PBXSourcesBuildPhase;
			buildActionMask = 2147483647;
			files = (
				90DD3A1E1CF848430032935A /* DemoUITests.m in Sources */,
			);
			runOnlyForDeploymentPostprocessing = 0;
		};
/* End PBXSourcesBuildPhase section */

/* Begin PBXTargetDependency section */
		90DD3A1B1CF848430032935A /* PBXTargetDependency */ = {
			isa = PBXTargetDependency;
			target = 90DD39FF1CF848430032935A /* Demo */;
			targetProxy = 90DD3A1A1CF848430032935A /* PBXContainerItemProxy */;
		};
/* End PBXTargetDependency section */

/* Begin PBXVariantGroup section */
		90DD3A0C1CF848430032935A /* Main.storyboard */ = {
			isa = PBXVariantGroup;
			children = (
				90DD3A0D1CF848430032935A /* Base */,
			);
			name = Main.storyboard;
			sourceTree = "<group>";
		};
		90DD3A111CF848430032935A /* LaunchScreen.storyboard */ = {
			isa = PBXVariantGroup;
			children = (
				90DD3A121CF848430032935A /* Base */,
			);
			name = LaunchScreen.storyboard;
			sourceTree = "<group>";
		};
/* End PBXVariantGroup section */

/* Begin XCBuildConfiguration section */
		90DD3A201CF848430032935A /* Debug */ = {
			isa = XCBuildConfiguration;
			buildSettings = {
				ALWAYS_SEARCH_USER_PATHS = NO;
				CLANG_ANALYZER_NONNULL = YES;
				CLANG_CXX_LANGUAGE_STANDARD = "gnu++0x";
				CLANG_CXX_LIBRARY = "libc++";
				CLANG_ENABLE_MODULES = YES;
				CLANG_ENABLE_OBJC_ARC = YES;
				CLANG_WARN_BOOL_CONVERSION = YES;
				CLANG_WARN_CONSTANT_CONVERSION = YES;
				CLANG_WARN_DIRECT_OBJC_ISA_USAGE = YES_ERROR;
				CLANG_WARN_EMPTY_BODY = YES;
				CLANG_WARN_ENUM_CONVERSION = YES;
				CLANG_WARN_INT_CONVERSION = YES;
				CLANG_WARN_OBJC_ROOT_CLASS = YES_ERROR;
				CLANG_WARN_UNREACHABLE_CODE = YES;
				CLANG_WARN__DUPLICATE_METHOD_MATCH = YES;
				"CODE_SIGN_IDENTITY[sdk=iphoneos*]" = "iPhone Developer";
				COPY_PHASE_STRIP = NO;
				DEBUG_INFORMATION_FORMAT = dwarf;
				ENABLE_STRICT_OBJC_MSGSEND = YES;
				ENABLE_TESTABILITY = YES;
				GCC_C_LANGUAGE_STANDARD = gnu99;
				GCC_DYNAMIC_NO_PIC = NO;
				GCC_NO_COMMON_BLOCKS = YES;
				GCC_OPTIMIZATION_LEVEL = 0;
				GCC_PREPROCESSOR_DEFINITIONS = (
					"DEBUG=1",
					"$(inherited)",
				);
				GCC_WARN_64_TO_32_BIT_CONVERSION = YES;
				GCC_WARN_ABOUT_RETURN_TYPE = YES_ERROR;
				GCC_WARN_UNDECLARED_SELECTOR = YES;
				GCC_WARN_UNINITIALIZED_AUTOS = YES_AGGRESSIVE;
				GCC_WARN_UNUSED_FUNCTION = YES;
				GCC_WARN_UNUSED_VARIABLE = YES;
				IPHONEOS_DEPLOYMENT_TARGET = 9.3;
				MTL_ENABLE_DEBUG_INFO = YES;
				ONLY_ACTIVE_ARCH = YES;
				SDKROOT = iphoneos;
			};
			name = Debug;
		};
		90DD3A211CF848430032935A /* Release */ = {
			isa = XCBuildConfiguration;
			buildSettings = {
				ALWAYS_SEARCH_USER_PATHS = NO;
				CLANG_ANALYZER_NONNULL = YES;
				CLANG_CXX_LANGUAGE_STANDARD = "gnu++0x";
				CLANG_CXX_LIBRARY = "libc++";
				CLANG_ENABLE_MODULES = YES;
				CLANG_ENABLE_OBJC_ARC = YES;
				CLANG_WARN_BOOL_CONVERSION = YES;
				CLANG_WARN_CONSTANT_CONVERSION = YES;
				CLANG_WARN_DIRECT_OBJC_ISA_USAGE = YES_ERROR;
				CLANG_WARN_EMPTY_BODY = YES;
				CLANG_WARN_ENUM_CONVERSION = YES;
				CLANG_WARN_INT_CONVERSION = YES;
				CLANG_WARN_OBJC_ROOT_CLASS = YES_ERROR;
				CLANG_WARN_UNREACHABLE_CODE = YES;
				CLANG_WARN__DUPLICATE_METHOD_MATCH = YES;
				"CODE_SIGN_IDENTITY[sdk=iphoneos*]" = "iPhone Developer";
				COPY_PHASE_STRIP = NO;
				DEBUG_INFORMATION_FORMAT = "dwarf-with-dsym";
				ENABLE_NS_ASSERTIONS = NO;
				ENABLE_STRICT_OBJC_MSGSEND = YES;
				GCC_C_LANGUAGE_STANDARD = gnu99;
				GCC_NO_COMMON_BLOCKS = YES;
				GCC_WARN_64_TO_32_BIT_CONVERSION = YES;
				GCC_WARN_ABOUT_RETURN_TYPE = YES_ERROR;
				GCC_WARN_UNDECLARED_SELECTOR = YES;
				GCC_WARN_UNINITIALIZED_AUTOS = YES_AGGRESSIVE;
				GCC_WARN_UNUSED_FUNCTION = YES;
				GCC_WARN_UNUSED_VARIABLE = YES;
				IPHONEOS_DEPLOYMENT_TARGET = 9.3;
				MTL_ENABLE_DEBUG_INFO = NO;
				SDKROOT = iphoneos;
				VALIDATE_PRODUCT = YES;
			};
			name = Release;
		};
		90DD3A231CF848430032935A /* Debug */ = {
			isa = XCBuildConfiguration;
			buildSettings = {
				ASSETCATALOG_COMPILER_APPICON_NAME = AppIcon;
				INFOPLIST_FILE = Demo/Info.plist;
				IPHONEOS_DEPLOYMENT_TARGET = 8.0;
				LD_RUNPATH_SEARCH_PATHS = "$(inherited) @executable_path/Frameworks";
				PRODUCT_BUNDLE_IDENTIFIER = why.Demo;
				PRODUCT_NAME = "$(TARGET_NAME)";
			};
			name = Debug;
		};
		90DD3A241CF848430032935A /* Release */ = {
			isa = XCBuildConfiguration;
			buildSettings = {
				ASSETCATALOG_COMPILER_APPICON_NAME = AppIcon;
				INFOPLIST_FILE = Demo/Info.plist;
				IPHONEOS_DEPLOYMENT_TARGET = 8.0;
				LD_RUNPATH_SEARCH_PATHS = "$(inherited) @executable_path/Frameworks";
				PRODUCT_BUNDLE_IDENTIFIER = why.Demo;
				PRODUCT_NAME = "$(TARGET_NAME)";
			};
			name = Release;
		};
		90DD3A261CF848430032935A /* Debug */ = {
			isa = XCBuildConfiguration;
			buildSettings = {
				INFOPLIST_FILE = DemoUITests/Info.plist;
				LD_RUNPATH_SEARCH_PATHS = "$(inherited) @executable_path/Frameworks @loader_path/Frameworks";
				PRODUCT_BUNDLE_IDENTIFIER = why.DemoUITests;
				PRODUCT_NAME = "$(TARGET_NAME)";
				TEST_TARGET_NAME = Demo;
			};
			name = Debug;
		};
		90DD3A271CF848430032935A /* Release */ = {
			isa = XCBuildConfiguration;
			buildSettings = {
				INFOPLIST_FILE = DemoUITests/Info.plist;
				LD_RUNPATH_SEARCH_PATHS = "$(inherited) @executable_path/Frameworks @loader_path/Frameworks";
				PRODUCT_BUNDLE_IDENTIFIER = why.DemoUITests;
				PRODUCT_NAME = "$(TARGET_NAME)";
				TEST_TARGET_NAME = Demo;
			};
			name = Release;
		};
/* End XCBuildConfiguration section */

/* Begin XCConfigurationList section */
		90DD39FB1CF848430032935A /* Build configuration list for PBXProject "Demo" */ = {
			isa = XCConfigurationList;
			buildConfigurations = (
				90DD3A201CF848430032935A /* Debug */,
				90DD3A211CF848430032935A /* Release */,
			);
			defaultConfigurationIsVisible = 0;
			defaultConfigurationName = Release;
		};
		90DD3A221CF848430032935A /* Build configuration list for PBXNativeTarget "Demo" */ = {
			isa = XCConfigurationList;
			buildConfigurations = (
				90DD3A231CF848430032935A /* Debug */,
				90DD3A241CF848430032935A /* Release */,
			);
			defaultConfigurationIsVisible = 0;
		};
		90DD3A251CF848430032935A /* Build configuration list for PBXNativeTarget "DemoUITests" */ = {
			isa = XCConfigurationList;
			buildConfigurations = (
				90DD3A261CF848430032935A /* Debug */,
				90DD3A271CF848430032935A /* Release */,
			);
			defaultConfigurationIsVisible = 0;
		};
/* End XCConfigurationList section */
	};
	rootObject = 90DD39F81CF848430032935A /* Project object */;
}
